
Microsoft Visual Studio Solution File, Format Version 12.00
# Visual Studio 15
VisualStudioVersion = 15.0.26124.0
MinimumVisualStudioVersion = 15.0.26124.0
Project("{F2A71F9B-5D33-465A-A702-920D77279786}") = "Katas", "Katas\Katas.fsproj", "{8CA7CFD2-4794-4C43-8A51-4C9F4CD238AE}"
EndProject
Project("{F2A71F9B-5D33-465A-A702-920D77279786}") = "Tests", "Tests\Tests.fsproj", "{30AC9F5C-72A9-44DC-974F-85AFAD863D30}"
EndProject
Project("{F2A71F9B-5D33-465A-A702-920D77279786}") = "GameOfLifeAvalonia", "GameOfLifeAvalonia\GameOfLifeAvalonia.fsproj", "{B4F9944C-D3EB-4D95-9E33-D81B29AA9C7C}"
EndProject
Global
	GlobalSection(SolutionConfigurationPlatforms) = preSolution
		Debug|Any CPU = Debug|Any CPU
		Debug|x64 = Debug|x64
		Debug|x86 = Debug|x86
		Release|Any CPU = Release|Any CPU
		Release|x64 = Release|x64
		Release|x86 = Release|x86
	EndGlobalSection
	GlobalSection(SolutionProperties) = preSolution
		HideSolutionNode = FALSE
	EndGlobalSection
	GlobalSection(ProjectConfigurationPlatforms) = postSolution
		{8CA7CFD2-4794-4C43-8A51-4C9F4CD238AE}.Debug|Any CPU.ActiveCfg = Debug|Any CPU
		{8CA7CFD2-4794-4C43-8A51-4C9F4CD238AE}.Debug|Any CPU.Build.0 = Debug|Any CPU
		{8CA7CFD2-4794-4C43-8A51-4C9F4CD238AE}.Debug|x64.ActiveCfg = Debug|Any CPU
		{8CA7CFD2-4794-4C43-8A51-4C9F4CD238AE}.Debug|x64.Build.0 = Debug|Any CPU
		{8CA7CFD2-4794-4C43-8A51-4C9F4CD238AE}.Debug|x86.ActiveCfg = Debug|Any CPU
		{8CA7CFD2-4794-4C43-8A51-4C9F4CD238AE}.Debug|x86.Build.0 = Debug|Any CPU
		{8CA7CFD2-4794-4C43-8A51-4C9F4CD238AE}.Release|Any CPU.ActiveCfg = Release|Any CPU
		{8CA7CFD2-4794-4C43-8A51-4C9F4CD238AE}.Release|Any CPU.Build.0 = Release|Any CPU
		{8CA7CFD2-4794-4C43-8A51-4C9F4CD238AE}.Release|x64.ActiveCfg = Release|Any CPU
		{8CA7CFD2-4794-4C43-8A51-4C9F4CD238AE}.Release|x64.Build.0 = Release|Any CPU
		{8CA7CFD2-4794-4C43-8A51-4C9F4CD238AE}.Release|x86.ActiveCfg = Release|Any CPU
		{8CA7CFD2-4794-4C43-8A51-4C9F4CD238AE}.Release|x86.Build.0 = Release|Any CPU
		{30AC9F5C-72A9-44DC-974F-85AFAD863D30}.Debug|Any CPU.ActiveCfg = Debug|Any CPU
		{30AC9F5C-72A9-44DC-974F-85AFAD863D30}.Debug|Any CPU.Build.0 = Debug|Any CPU
		{30AC9F5C-72A9-44DC-974F-85AFAD863D30}.Debug|x64.ActiveCfg = Debug|Any CPU
		{30AC9F5C-72A9-44DC-974F-85AFAD863D30}.Debug|x64.Build.0 = Debug|Any CPU
		{30AC9F5C-72A9-44DC-974F-85AFAD863D30}.Debug|x86.ActiveCfg = Debug|Any CPU
		{30AC9F5C-72A9-44DC-974F-85AFAD863D30}.Debug|x86.Build.0 = Debug|Any CPU
		{30AC9F5C-72A9-44DC-974F-85AFAD863D30}.Release|Any CPU.ActiveCfg = Release|Any CPU
		{30AC9F5C-72A9-44DC-974F-85AFAD863D30}.Release|Any CPU.Build.0 = Release|Any CPU
		{30AC9F5C-72A9-44DC-974F-85AFAD863D30}.Release|x64.ActiveCfg = Release|Any CPU
		{30AC9F5C-72A9-44DC-974F-85AFAD863D30}.Release|x64.Build.0 = Release|Any CPU
		{30AC9F5C-72A9-44DC-974F-85AFAD863D30}.Release|x86.ActiveCfg = Release|Any CPU
		{30AC9F5C-72A9-44DC-974F-85AFAD863D30}.Release|x86.Build.0 = Release|Any CPU
		{B4F9944C-D3EB-4D95-9E33-D81B29AA9C7C}.Debug|Any CPU.ActiveCfg = Debug|Any CPU
		{B4F9944C-D3EB-4D95-9E33-D81B29AA9C7C}.Debug|Any CPU.Build.0 = Debug|Any CPU
		{B4F9944C-D3EB-4D95-9E33-D81B29AA9C7C}.Debug|x64.ActiveCfg = Debug|Any CPU
		{B4F9944C-D3EB-4D95-9E33-D81B29AA9C7C}.Debug|x64.Build.0 = Debug|Any CPU
		{B4F9944C-D3EB-4D95-9E33-D81B29AA9C7C}.Debug|x86.ActiveCfg = Debug|Any CPU
		{B4F9944C-D3EB-4D95-9E33-D81B29AA9C7C}.Debug|x86.Build.0 = Debug|Any CPU
		{B4F9944C-D3EB-4D95-9E33-D81B29AA9C7C}.Release|Any CPU.ActiveCfg = Release|Any CPU
		{B4F9944C-D3EB-4D95-9E33-D81B29AA9C7C}.Release|Any CPU.Build.0 = Release|Any CPU
		{B4F9944C-D3EB-4D95-9E33-D81B29AA9C7C}.Release|x64.ActiveCfg = Release|Any CPU
		{B4F9944C-D3EB-4D95-9E33-D81B29AA9C7C}.Release|x64.Build.0 = Release|Any CPU
		{B4F9944C-D3EB-4D95-9E33-D81B29AA9C7C}.Release|x86.ActiveCfg = Release|Any CPU
		{B4F9944C-D3EB-4D95-9E33-D81B29AA9C7C}.Release|x86.Build.0 = Release|Any CPU
	EndGlobalSection
EndGlobal
